
Microsoft Visual Studio Solution File, Format Version 12.00
# Visual Studio Version 17
VisualStudioVersion = 17.7.34018.315
MinimumVisualStudioVersion = 10.0.40219.1
Project("{FAE04EC0-301F-11D3-BF4B-00C04F79EFBC}") = "StudentTracking", "StudentTracking\StudentTracking.csproj", "{FFB7A7A2-B7DA-4A9E-9729-8AD9EA0B3A9F}"
EndProject
Global
	GlobalSection(SolutionConfigurationPlatforms) = preSolution
		Debug|Any CPU = Debug|Any CPU
		Release|Any CPU = Release|Any CPU
	EndGlobalSection
	GlobalSection(ProjectConfigurationPlatforms) = postSolution
		{FFB7A7A2-B7DA-4A9E-9729-8AD9EA0B3A9F}.Debug|Any CPU.ActiveCfg = Debug|Any CPU
		{FFB7A7A2-B7DA-4A9E-9729-8AD9EA0B3A9F}.Debug|Any CPU.Build.0 = Debug|Any CPU
		{FFB7A7A2-B7DA-4A9E-9729-8AD9EA0B3A9F}.Release|Any CPU.ActiveCfg = Release|Any CPU
		{FFB7A7A2-B7DA-4A9E-9729-8AD9EA0B3A9F}.Release|Any CPU.Build.0 = Release|Any CPU
	EndGlobalSection
	GlobalSection(SolutionProperties) = preSolution
		HideSolutionNode = FALSE
	EndGlobalSection
	GlobalSection(ExtensibilityGlobals) = postSolution
		SolutionGuid = {11FA746D-F776-4FD2-8943-23A4C86F0AC1}
	EndGlobalSection
EndGlobal
